// !$*UTF8*$!
{
	archiveVersion = 1;
	classes = {
	};
	objectVersion = 50;
	objects = {

/* Begin PBXBuildFile section */
		A304BE84220DFC82007A11C7 /* AppDelegate.swift in Sources */ = {isa = PBXBuildFile; fileRef = A304BE83220DFC82007A11C7 /* AppDelegate.swift */; };
		A304BE86220DFC82007A11C7 /* ViewController.swift in Sources */ = {isa = PBXBuildFile; fileRef = A304BE85220DFC82007A11C7 /* ViewController.swift */; };
		A304BE89220DFC82007A11C7 /* Main.storyboard in Resources */ = {isa = PBXBuildFile; fileRef = A304BE87220DFC82007A11C7 /* Main.storyboard */; };
		A304BE8B220DFC85007A11C7 /* Assets.xcassets in Resources */ = {isa = PBXBuildFile; fileRef = A304BE8A220DFC85007A11C7 /* Assets.xcassets */; };
		A304BE8E220DFC85007A11C7 /* LaunchScreen.storyboard in Resources */ = {isa = PBXBuildFile; fileRef = A304BE8C220DFC85007A11C7 /* LaunchScreen.storyboard */; };
		A304BE96220DFD4B007A11C7 /* moonViewController.swift in Sources */ = {isa = PBXBuildFile; fileRef = A304BE95220DFD4B007A11C7 /* moonViewController.swift */; };
		A304BE98220E62B3007A11C7 /* jupiterViewController.swift in Sources */ = {isa = PBXBuildFile; fileRef = A304BE97220E62B3007A11C7 /* jupiterViewController.swift */; };
		A304BE9A220E7195007A11C7 /* earth.jpg in Resources */ = {isa = PBXBuildFile; fileRef = A304BE99220E7195007A11C7 /* earth.jpg */; };
		A304BE9E220E71A0007A11C7 /* jupiter.jpg in Resources */ = {isa = PBXBuildFile; fileRef = A304BE9D220E719F007A11C7 /* jupiter.jpg */; };
		A304BEA0220E7285007A11C7 /* moon1.jpg in Resources */ = {isa = PBXBuildFile; fileRef = A304BE9F220E7284007A11C7 /* moon1.jpg */; };
/* End PBXBuildFile section */

/* Begin PBXFileReference section */
		A304BE80220DFC82007A11C7 /* Lab3.app */ = {isa = PBXFileReference; explicitFileType = wrapper.application; includeInIndex = 0; path = Lab3.app; sourceTree = BUILT_PRODUCTS_DIR; };
		A304BE83220DFC82007A11C7 /* AppDelegate.swift */ = {isa = PBXFileReference; lastKnownFileType = sourcecode.swift; path = AppDelegate.swift; sourceTree = "<group>"; };
		A304BE85220DFC82007A11C7 /* ViewController.swift */ = {isa = PBXFileReference; lastKnownFileType = sourcecode.swift; path = ViewController.swift; sourceTree = "<group>"; };
		A304BE88220DFC82007A11C7 /* Base */ = {isa = PBXFileReference; lastKnownFileType = file.storyboard; name = Base; path = Base.lproj/Main.storyboard; sourceTree = "<group>"; };
		A304BE8A220DFC85007A11C7 /* Assets.xcassets */ = {isa = PBXFileReference; lastKnownFileType = folder.assetcatalog; path = Assets.xcassets; sourceTree = "<group>"; };
		A304BE8D220DFC85007A11C7 /* Base */ = {isa = PBXFileReference; lastKnownFileType = file.storyboard; name = Base; path = Base.lproj/LaunchScreen.storyboard; sourceTree = "<group>"; };
		A304BE8F220DFC85007A11C7 /* Info.plist */ = {isa = PBXFileReference; lastKnownFileType = text.plist.xml; path = Info.plist; sourceTree = "<group>"; };
		A304BE95220DFD4B007A11C7 /* moonViewController.swift */ = {isa = PBXFileReference; lastKnownFileType = sourcecode.swift; path = moonViewController.swift; sourceTree = "<group>"; };
		A304BE97220E62B3007A11C7 /* jupiterViewController.swift */ = {isa = PBXFileReference; lastKnownFileType = sourcecode.swift; path = jupiterViewController.swift; sourceTree = "<group>"; };
		A304BE99220E7195007A11C7 /* earth.jpg */ = {isa = PBXFileReference; lastKnownFileType = image.jpeg; name = earth.jpg; path = ../../../../Desktop/earth.jpg; sourceTree = "<group>"; };
		A304BE9D220E719F007A11C7 /* jupiter.jpg */ = {isa = PBXFileReference; lastKnownFileType = image.jpeg; name = jupiter.jpg; path = ../../../../Desktop/jupiter.jpg; sourceTree = "<group>"; };
		A304BE9F220E7284007A11C7 /* moon1.jpg */ = {isa = PBXFileReference; lastKnownFileType = image.jpeg; name = moon1.jpg; path = ../../../../Desktop/moon1.jpg; sourceTree = "<group>"; };
/* End PBXFileReference section */

/* Begin PBXFrameworksBuildPhase section */
		A304BE7D220DFC82007A11C7 /* Frameworks */ = {
			isa = PBXFrameworksBuildPhase;
			buildActionMask = 2147483647;
			files = (
			);
			runOnlyForDeploymentPostprocessing = 0;
		};
/* End PBXFrameworksBuildPhase section */

/* Begin PBXGroup section */
		A304BE77220DFC82007A11C7 = {
			isa = PBXGroup;
			children = (
				A304BE82220DFC82007A11C7 /* Lab3 */,
				A304BE81220DFC82007A11C7 /* Products */,
			);
			sourceTree = "<group>";
		};
		A304BE81220DFC82007A11C7 /* Products */ = {
			isa = PBXGroup;
			children = (
				A304BE80220DFC82007A11C7 /* Lab3.app */,
			);
			name = Products;
			sourceTree = "<group>";
		};
		A304BE82220DFC82007A11C7 /* Lab3 */ = {
			isa = PBXGroup;
			children = (
				A304BE83220DFC82007A11C7 /* AppDelegate.swift */,
				A304BE85220DFC82007A11C7 /* ViewController.swift */,
				A304BE87220DFC82007A11C7 /* Main.storyboard */,
				A304BE97220E62B3007A11C7 /* jupiterViewController.swift */,
				A304BE95220DFD4B007A11C7 /* moonViewController.swift */,
				A304BE8A220DFC85007A11C7 /* Assets.xcassets */,
				A304BE8C220DFC85007A11C7 /* LaunchScreen.storyboard */,
				A304BE8F220DFC85007A11C7 /* Info.plist */,
				A304BE99220E7195007A11C7 /* earth.jpg */,
				A304BE9F220E7284007A11C7 /* moon1.jpg */,
				A304BE9D220E719F007A11C7 /* jupiter.jpg */,
			);
			path = Lab3;
			sourceTree = "<group>";
		};
/* End PBXGroup section */

/* Begin PBXNativeTarget section */
		A304BE7F220DFC82007A11C7 /* Lab3 */ = {
			isa = PBXNativeTarget;
			buildConfigurationList = A304BE92220DFC85007A11C7 /* Build configuration list for PBXNativeTarget "Lab3" */;
			buildPhases = (
				A304BE7C220DFC82007A11C7 /* Sources */,
				A304BE7D220DFC82007A11C7 /* Frameworks */,
				A304BE7E220DFC82007A11C7 /* Resources */,
			);
			buildRules = (
			);
			dependencies = (
			);
			name = Lab3;
			productName = Lab3;
			productReference = A304BE80220DFC82007A11C7 /* Lab3.app */;
			productType = "com.apple.product-type.application";
		};
/* End PBXNativeTarget section */

/* Begin PBXProject section */
		A304BE78220DFC82007A11C7 /* Project object */ = {
			isa = PBXProject;
			attributes = {
				LastSwiftUpdateCheck = 1010;
				LastUpgradeCheck = 1010;
				ORGANIZATIONNAME = "Cody Tavenner";
				TargetAttributes = {
					A304BE7F220DFC82007A11C7 = {
						CreatedOnToolsVersion = 10.1;
					};
				};
			};
			buildConfigurationList = A304BE7B220DFC82007A11C7 /* Build configuration list for PBXProject "Lab3" */;
			compatibilityVersion = "Xcode 9.3";
			developmentRegion = en;
			hasScannedForEncodings = 0;
			knownRegions = (
				en,
				Base,
			);
			mainGroup = A304BE77220DFC82007A11C7;
			productRefGroup = A304BE81220DFC82007A11C7 /* Products */;
			projectDirPath = "";
			projectRoot = "";
			targets = (
				A304BE7F220DFC82007A11C7 /* Lab3 */,
			);
		};
/* End PBXProject section */

/* Begin PBXResourcesBuildPhase section */
		A304BE7E220DFC82007A11C7 /* Resources */ = {
			isa = PBXResourcesBuildPhase;
			buildActionMask = 2147483647;
			files = (
				A304BE8E220DFC85007A11C7 /* LaunchScreen.storyboard in Resources */,
				A304BE9A220E7195007A11C7 /* earth.jpg in Resources */,
				A304BEA0220E7285007A11C7 /* moon1.jpg in Resources */,
				A304BE9E220E71A0007A11C7 /* jupiter.jpg in Resources */,
				A304BE8B220DFC85007A11C7 /* Assets.xcassets in Resources */,
				A304BE89220DFC82007A11C7 /* Main.storyboard in Resources */,
			);
			runOnlyForDeploymentPostprocessing = 0;
		};
/* End PBXResourcesBuildPhase section */

/* Begin PBXSourcesBuildPhase section */
		A304BE7C220DFC82007A11C7 /* Sources */ = {
			isa = PBXSourcesBuildPhase;
			buildActionMask = 2147483647;
			files = (
				A304BE98220E62B3007A11C7 /* jupiterViewController.swift in Sources */,
				A304BE86220DFC82007A11C7 /* ViewController.swift in Sources */,
				A304BE84220DFC82007A11C7 /* AppDelegate.swift in Sources */,
				A304BE96220DFD4B007A11C7 /* moonViewController.swift in Sources */,
			);
			runOnlyForDeploymentPostprocessing = 0;
		};
/* End PBXSourcesBuildPhase section */

/* Begin PBXVariantGroup section */
		A304BE87220DFC82007A11C7 /* Main.storyboard */ = {
			isa = PBXVariantGroup;
			children = (
				A304BE88220DFC82007A11C7 /* Base */,
			);
			name = Main.storyboard;
			sourceTree = "<group>";
		};
		A304BE8C220DFC85007A11C7 /* LaunchScreen.storyboard */ = {
			isa = PBXVariantGroup;
			children = (
				A304BE8D220DFC85007A11C7 /* Base */,
			);
			name = LaunchScreen.storyboard;
			sourceTree = "<group>";
		};
/* End PBXVariantGroup section */

/* Begin XCBuildConfiguration section */
		A304BE90220DFC85007A11C7 /* Debug */ = {
			isa = XCBuildConfiguration;
			buildSettings = {
				ALWAYS_SEARCH_USER_PATHS = NO;
				CLANG_ANALYZER_NONNULL = YES;
				CLANG_ANALYZER_NUMBER_OBJECT_CONVERSION = YES_AGGRESSIVE;
				CLANG_CXX_LANGUAGE_STANDARD = "gnu++14";
				CLANG_CXX_LIBRARY = "libc++";
				CLANG_ENABLE_MODULES = YES;
				CLANG_ENABLE_OBJC_ARC = YES;
				CLANG_ENABLE_OBJC_WEAK = YES;
				CLANG_WARN_BLOCK_CAPTURE_AUTORELEASING = YES;
				CLANG_WARN_BOOL_CONVERSION = YES;
				CLANG_WARN_COMMA = YES;
				CLANG_WARN_CONSTANT_CONVERSION = YES;
				CLANG_WARN_DEPRECATED_OBJC_IMPLEMENTATIONS = YES;
				CLANG_WARN_DIRECT_OBJC_ISA_USAGE = YES_ERROR;
				CLANG_WARN_DOCUMENTATION_COMMENTS = YES;
				CLANG_WARN_EMPTY_BODY = YES;
				CLANG_WARN_ENUM_CONVERSION = YES;
				CLANG_WARN_INFINITE_RECURSION = YES;
				CLANG_WARN_INT_CONVERSION = YES;
				CLANG_WARN_NON_LITERAL_NULL_CONVERSION = YES;
				CLANG_WARN_OBJC_IMPLICIT_RETAIN_SELF = YES;
				CLANG_WARN_OBJC_LITERAL_CONVERSION = YES;
				CLANG_WARN_OBJC_ROOT_CLASS = YES_ERROR;
				CLANG_WARN_RANGE_LOOP_ANALYSIS = YES;
				CLANG_WARN_STRICT_PROTOTYPES = YES;
				CLANG_WARN_SUSPICIOUS_MOVE = YES;
				CLANG_WARN_UNGUARDED_AVAILABILITY = YES_AGGRESSIVE;
				CLANG_WARN_UNREACHABLE_CODE = YES;
				CLANG_WARN__DUPLICATE_METHOD_MATCH = YES;
				CODE_SIGN_IDENTITY = "iPhone Developer";
				COPY_PHASE_STRIP = NO;
				DEBUG_INFORMATION_FORMAT = dwarf;
				ENABLE_STRICT_OBJC_MSGSEND = YES;
				ENABLE_TESTABILITY = YES;
				GCC_C_LANGUAGE_STANDARD = gnu11;
				GCC_DYNAMIC_NO_PIC = NO;
				GCC_NO_COMMON_BLOCKS = YES;
				GCC_OPTIMIZATION_LEVEL = 0;
				GCC_PREPROCESSOR_DEFINITIONS = (
					"DEBUG=1",
					"$(inherited)",
				);
				GCC_WARN_64_TO_32_BIT_CONVERSION = YES;
				GCC_WARN_ABOUT_RETURN_TYPE = YES_ERROR;
				GCC_WARN_UNDECLARED_SELECTOR = YES;
				GCC_WARN_UNINITIALIZED_AUTOS = YES_AGGRESSIVE;
				GCC_WARN_UNUSED_FUNCTION = YES;
				GCC_WARN_UNUSED_VARIABLE = YES;
				IPHONEOS_DEPLOYMENT_TARGET = 12.1;
				MTL_ENABLE_DEBUG_INFO = INCLUDE_SOURCE;
				MTL_FAST_MATH = YES;
				ONLY_ACTIVE_ARCH = YES;
				SDKROOT = iphoneos;
				SWIFT_ACTIVE_COMPILATION_CONDITIONS = DEBUG;
				SWIFT_OPTIMIZATION_LEVEL = "-Onone";
			};
			name = Debug;
		};
		A304BE91220DFC85007A11C7 /* Release */ = {
			isa = XCBuildConfiguration;
			buildSettings = {
				ALWAYS_SEARCH_USER_PATHS = NO;
				CLANG_ANALYZER_NONNULL = YES;
				CLANG_ANALYZER_NUMBER_OBJECT_CONVERSION = YES_AGGRESSIVE;
				CLANG_CXX_LANGUAGE_STANDARD = "gnu++14";
				CLANG_CXX_LIBRARY = "libc++";
				CLANG_ENABLE_MODULES = YES;
				CLANG_ENABLE_OBJC_ARC = YES;
				CLANG_ENABLE_OBJC_WEAK = YES;
				CLANG_WARN_BLOCK_CAPTURE_AUTORELEASING = YES;
				CLANG_WARN_BOOL_CONVERSION = YES;
				CLANG_WARN_COMMA = YES;
				CLANG_WARN_CONSTANT_CONVERSION = YES;
				CLANG_WARN_DEPRECATED_OBJC_IMPLEMENTATIONS = YES;
				CLANG_WARN_DIRECT_OBJC_ISA_USAGE = YES_ERROR;
				CLANG_WARN_DOCUMENTATION_COMMENTS = YES;
				CLANG_WARN_EMPTY_BODY = YES;
				CLANG_WARN_ENUM_CONVERSION = YES;
				CLANG_WARN_INFINITE_RECURSION = YES;
				CLANG_WARN_INT_CONVERSION = YES;
				CLANG_WARN_NON_LITERAL_NULL_CONVERSION = YES;
				CLANG_WARN_OBJC_IMPLICIT_RETAIN_SELF = YES;
				CLANG_WARN_OBJC_LITERAL_CONVERSION = YES;
				CLANG_WARN_OBJC_ROOT_CLASS = YES_ERROR;
				CLANG_WARN_RANGE_LOOP_ANALYSIS = YES;
				CLANG_WARN_STRICT_PROTOTYPES = YES;
				CLANG_WARN_SUSPICIOUS_MOVE = YES;
				CLANG_WARN_UNGUARDED_AVAILABILITY = YES_AGGRESSIVE;
				CLANG_WARN_UNREACHABLE_CODE = YES;
				CLANG_WARN__DUPLICATE_METHOD_MATCH = YES;
				CODE_SIGN_IDENTITY = "iPhone Developer";
				COPY_PHASE_STRIP = NO;
				DEBUG_INFORMATION_FORMAT = "dwarf-with-dsym";
				ENABLE_NS_ASSERTIONS = NO;
				ENABLE_STRICT_OBJC_MSGSEND = YES;
				GCC_C_LANGUAGE_STANDARD = gnu11;
				GCC_NO_COMMON_BLOCKS = YES;
				GCC_WARN_64_TO_32_BIT_CONVERSION = YES;
				GCC_WARN_ABOUT_RETURN_TYPE = YES_ERROR;
				GCC_WARN_UNDECLARED_SELECTOR = YES;
				GCC_WARN_UNINITIALIZED_AUTOS = YES_AGGRESSIVE;
				GCC_WARN_UNUSED_FUNCTION = YES;
				GCC_WARN_UNUSED_VARIABLE = YES;
				IPHONEOS_DEPLOYMENT_TARGET = 12.1;
				MTL_ENABLE_DEBUG_INFO = NO;
				MTL_FAST_MATH = YES;
				SDKROOT = iphoneos;
				SWIFT_COMPILATION_MODE = wholemodule;
				SWIFT_OPTIMIZATION_LEVEL = "-O";
				VALIDATE_PRODUCT = YES;
			};
			name = Release;
		};
		A304BE93220DFC85007A11C7 /* Debug */ = {
			isa = XCBuildConfiguration;
			buildSettings = {
				ASSETCATALOG_COMPILER_APPICON_NAME = AppIcon;
				CODE_SIGN_STYLE = Automatic;
				INFOPLIST_FILE = Lab3/Info.plist;
				LD_RUNPATH_SEARCH_PATHS = (
					"$(inherited)",
					"@executable_path/Frameworks",
				);
				PRODUCT_BUNDLE_IDENTIFIER = Asu.Lab3;
				PRODUCT_NAME = "$(TARGET_NAME)";
				SWIFT_VERSION = 4.2;
				TARGETED_DEVICE_FAMILY = "1,2";
			};
			name = Debug;
		};
		A304BE94220DFC85007A11C7 /* Release */ = {
			isa = XCBuildConfiguration;
			buildSettings = {
				ASSETCATALOG_COMPILER_APPICON_NAME = AppIcon;
				CODE_SIGN_STYLE = Automatic;
				INFOPLIST_FILE = Lab3/Info.plist;
				LD_RUNPATH_SEARCH_PATHS = (
					"$(inherited)",
					"@executable_path/Frameworks",
				);
				PRODUCT_BUNDLE_IDENTIFIER = Asu.Lab3;
				PRODUCT_NAME = "$(TARGET_NAME)";
				SWIFT_VERSION = 4.2;
				TARGETED_DEVICE_FAMILY = "1,2";
			};
			name = Release;
		};
/* End XCBuildConfiguration section */

/* Begin XCConfigurationList section */
		A304BE7B220DFC82007A11C7 /* Build configuration list for PBXProject "Lab3" */ = {
			isa = XCConfigurationList;
			buildConfigurations = (
				A304BE90220DFC85007A11C7 /* Debug */,
				A304BE91220DFC85007A11C7 /* Release */,
			);
			defaultConfigurationIsVisible = 0;
			defaultConfigurationName = Release;
		};
		A304BE92220DFC85007A11C7 /* Build configuration list for PBXNativeTarget "Lab3" */ = {
			isa = XCConfigurationList;
			buildConfigurations = (
				A304BE93220DFC85007A11C7 /* Debug */,
				A304BE94220DFC85007A11C7 /* Release */,
			);
			defaultConfigurationIsVisible = 0;
			defaultConfigurationName = Release;
		};
/* End XCConfigurationList section */
	};
	rootObject = A304BE78220DFC82007A11C7 /* Project object */;
}
